
Microsoft Visual Studio Solution File, Format Version 12.00
# Visual Studio Version 17
VisualStudioVersion = 17.3.32804.467
MinimumVisualStudioVersion = 10.0.40219.1
Project("{FAE04EC0-301F-11D3-BF4B-00C04F79EFBC}") = "DataAccess", "DataAccess\DataAccess.csproj", "{7F4CA4B2-9DDD-4BE4-965C-579C4746AF50}"
EndProject
Project("{FAE04EC0-301F-11D3-BF4B-00C04F79EFBC}") = "Business", "Business\Business.csproj", "{5679B327-DDDA-4676-AFD0-F178DE5B1745}"
EndProject
Project("{FAE04EC0-301F-11D3-BF4B-00C04F79EFBC}") = "Entities", "Entities\Entities.csproj", "{DC64BD70-013C-4656-8063-4D4C620F1173}"
EndProject
Project("{FAE04EC0-301F-11D3-BF4B-00C04F79EFBC}") = "WebApp", "WebApp\WebApp.csproj", "{3B167CF5-C31B-44EA-B467-AC6AF638CAC4}"
EndProject
Global
	GlobalSection(SolutionConfigurationPlatforms) = preSolution
		Debug|Any CPU = Debug|Any CPU
		Release|Any CPU = Release|Any CPU
	EndGlobalSection
	GlobalSection(ProjectConfigurationPlatforms) = postSolution
		{7F4CA4B2-9DDD-4BE4-965C-579C4746AF50}.Debug|Any CPU.ActiveCfg = Debug|Any CPU
		{7F4CA4B2-9DDD-4BE4-965C-579C4746AF50}.Debug|Any CPU.Build.0 = Debug|Any CPU
		{7F4CA4B2-9DDD-4BE4-965C-579C4746AF50}.Release|Any CPU.ActiveCfg = Release|Any CPU
		{7F4CA4B2-9DDD-4BE4-965C-579C4746AF50}.Release|Any CPU.Build.0 = Release|Any CPU
		{5679B327-DDDA-4676-AFD0-F178DE5B1745}.Debug|Any CPU.ActiveCfg = Debug|Any CPU
		{5679B327-DDDA-4676-AFD0-F178DE5B1745}.Debug|Any CPU.Build.0 = Debug|Any CPU
		{5679B327-DDDA-4676-AFD0-F178DE5B1745}.Release|Any CPU.ActiveCfg = Release|Any CPU
		{5679B327-DDDA-4676-AFD0-F178DE5B1745}.Release|Any CPU.Build.0 = Release|Any CPU
		{DC64BD70-013C-4656-8063-4D4C620F1173}.Debug|Any CPU.ActiveCfg = Debug|Any CPU
		{DC64BD70-013C-4656-8063-4D4C620F1173}.Debug|Any CPU.Build.0 = Debug|Any CPU
		{DC64BD70-013C-4656-8063-4D4C620F1173}.Release|Any CPU.ActiveCfg = Release|Any CPU
		{DC64BD70-013C-4656-8063-4D4C620F1173}.Release|Any CPU.Build.0 = Release|Any CPU
		{3B167CF5-C31B-44EA-B467-AC6AF638CAC4}.Debug|Any CPU.ActiveCfg = Debug|Any CPU
		{3B167CF5-C31B-44EA-B467-AC6AF638CAC4}.Debug|Any CPU.Build.0 = Debug|Any CPU
		{3B167CF5-C31B-44EA-B467-AC6AF638CAC4}.Release|Any CPU.ActiveCfg = Release|Any CPU
		{3B167CF5-C31B-44EA-B467-AC6AF638CAC4}.Release|Any CPU.Build.0 = Release|Any CPU
	EndGlobalSection
	GlobalSection(SolutionProperties) = preSolution
		HideSolutionNode = FALSE
	EndGlobalSection
	GlobalSection(ExtensibilityGlobals) = postSolution
		SolutionGuid = {CF40E47B-545E-4295-A5E4-FF34B9317CC9}
	EndGlobalSection
EndGlobal
